
Microsoft Visual Studio Solution File, Format Version 12.00
# Visual Studio 14
VisualStudioVersion = 14.0.25420.1
MinimumVisualStudioVersion = 10.0.40219.1
Project("{FAE04EC0-301F-11D3-BF4B-00C04F79EFBC}") = "ITI.Smart.UI.EF.DBF.PL", "ITI.Smart.UI.EF.DBF.PL\ITI.Smart.UI.EF.DBF.PL.csproj", "{EEBFC70C-D992-4EAE-8BFF-7A9FE6A09AE2}"
EndProject
Project("{FAE04EC0-301F-11D3-BF4B-00C04F79EFBC}") = "ITI.Smart.UI.EF.DBF.Models", "ITI.Smart.UI.EF.DBF.Models\ITI.Smart.UI.EF.DBF.Models.csproj", "{F9F1374F-F5B7-4ED0-9F7A-2D52989E5C65}"
EndProject
Project("{FAE04EC0-301F-11D3-BF4B-00C04F79EFBC}") = "ITI.Smart.UI.EF.DBF.BLL", "ITI.Smart.UI.EF.DBF.BLL\ITI.Smart.UI.EF.DBF.BLL.csproj", "{C9B6B512-C46E-4C8B-8231-D70D4B63E922}"
EndProject
Project("{FAE04EC0-301F-11D3-BF4B-00C04F79EFBC}") = "ITI.Smart.UI.EF.DBF.Repository", "ITI.Smart.UI.EF.DBF.Repository\ITI.Smart.UI.EF.DBF.Repository.csproj", "{CE010E37-B6AF-4CDF-9AAE-DC60453FB7CD}"
EndProject
Global
	GlobalSection(SolutionConfigurationPlatforms) = preSolution
		Debug|Any CPU = Debug|Any CPU
		Release|Any CPU = Release|Any CPU
	EndGlobalSection
	GlobalSection(ProjectConfigurationPlatforms) = postSolution
		{EEBFC70C-D992-4EAE-8BFF-7A9FE6A09AE2}.Debug|Any CPU.ActiveCfg = Debug|Any CPU
		{EEBFC70C-D992-4EAE-8BFF-7A9FE6A09AE2}.Debug|Any CPU.Build.0 = Debug|Any CPU
		{EEBFC70C-D992-4EAE-8BFF-7A9FE6A09AE2}.Release|Any CPU.ActiveCfg = Release|Any CPU
		{EEBFC70C-D992-4EAE-8BFF-7A9FE6A09AE2}.Release|Any CPU.Build.0 = Release|Any CPU
		{F9F1374F-F5B7-4ED0-9F7A-2D52989E5C65}.Debug|Any CPU.ActiveCfg = Debug|Any CPU
		{F9F1374F-F5B7-4ED0-9F7A-2D52989E5C65}.Debug|Any CPU.Build.0 = Debug|Any CPU
		{F9F1374F-F5B7-4ED0-9F7A-2D52989E5C65}.Release|Any CPU.ActiveCfg = Release|Any CPU
		{F9F1374F-F5B7-4ED0-9F7A-2D52989E5C65}.Release|Any CPU.Build.0 = Release|Any CPU
		{C9B6B512-C46E-4C8B-8231-D70D4B63E922}.Debug|Any CPU.ActiveCfg = Debug|Any CPU
		{C9B6B512-C46E-4C8B-8231-D70D4B63E922}.Debug|Any CPU.Build.0 = Debug|Any CPU
		{C9B6B512-C46E-4C8B-8231-D70D4B63E922}.Release|Any CPU.ActiveCfg = Release|Any CPU
		{C9B6B512-C46E-4C8B-8231-D70D4B63E922}.Release|Any CPU.Build.0 = Release|Any CPU
		{CE010E37-B6AF-4CDF-9AAE-DC60453FB7CD}.Debug|Any CPU.ActiveCfg = Debug|Any CPU
		{CE010E37-B6AF-4CDF-9AAE-DC60453FB7CD}.Debug|Any CPU.Build.0 = Debug|Any CPU
		{CE010E37-B6AF-4CDF-9AAE-DC60453FB7CD}.Release|Any CPU.ActiveCfg = Release|Any CPU
		{CE010E37-B6AF-4CDF-9AAE-DC60453FB7CD}.Release|Any CPU.Build.0 = Release|Any CPU
	EndGlobalSection
	GlobalSection(SolutionProperties) = preSolution
		HideSolutionNode = FALSE
	EndGlobalSection
EndGlobal
